<?xml version="1.0" encoding="utf-8"?>
<Project ToolsVersion="4.0" xmlns="http://schemas.microsoft.com/developer/msbuild/2003">
  <ItemGroup>
    <Filter Include="源文件">
      <UniqueIdentifier>{4FC737F1-C7A5-4376-A066-2A32D752A2FF}</UniqueIdentifier>
      <Extensions>cpp;c;cc;cxx;def;odl;idl;hpj;bat;asm;asmx</Extensions>
    </Filter>
    <Filter Include="头文件">
      <UniqueIdentifier>{93995380-89BD-4b04-88EB-625FBE52EBFB}</UniqueIdentifier>
      <Extensions>h;hh;hpp;hxx;hm;inl;inc;xsd</Extensions>
    </Filter>
    <Filter Include="资源文件">
      <UniqueIdentifier>{67DA6AB6-F800-4c08-8B7A-83BB121AAD01}</UniqueIdentifier>
      <Extensions>rc;ico;cur;bmp;dlg;rc2;rct;bin;rgs;gif;jpg;jpeg;jpe;resx;tiff;tif;png;wav;mfcribbon-ms</Extensions>
    </Filter>
  </ItemGroup>
  <ItemGroup>
    <ClCompile Include="..\main.cpp">
      <Filter>源文件</Filter>
    </ClCompile>
    <ClCompile Include="..\nativewin_win32.cpp">
      <Filter>源文件</Filter>
    </ClCompile>
    <ClCompile Include="..\..\templateApp.cpp">
      <Filter>源文件</Filter>
    </ClCompile>
    <ClCompile Include="..\..\..\common\audio.cpp">
      <Filter>源文件</Filter>
    </ClCompile>
    <ClCompile Include="..\..\..\common\font.cpp">
      <Filter>源文件</Filter>
    </ClCompile>
    <ClCompile Include="..\..\..\common\gfx.cpp">
      <Filter>源文件</Filter>
    </ClCompile>
    <ClCompile Include="..\..\..\common\light.cpp">
      <Filter>源文件</Filter>
    </ClCompile>
    <ClCompile Include="..\..\..\common\matrix.cpp">
      <Filter>源文件</Filter>
    </ClCompile>
    <ClCompile Include="..\..\..\common\md5.cpp">
      <Filter>源文件</Filter>
    </ClCompile>
    <ClCompile Include="..\..\..\common\memory.cpp">
      <Filter>源文件</Filter>
    </ClCompile>
    <ClCompile Include="..\..\..\common\navigation.cpp">
      <Filter>源文件</Filter>
    </ClCompile>
    <ClCompile Include="..\..\..\common\obj.cpp">
      <Filter>源文件</Filter>
    </ClCompile>
    <ClCompile Include="..\..\..\common\program.cpp">
      <Filter>源文件</Filter>
    </ClCompile>
    <ClCompile Include="..\..\..\common\shader.cpp">
      <Filter>源文件</Filter>
    </ClCompile>
    <ClCompile Include="..\..\..\common\sound.cpp">
      <Filter>源文件</Filter>
    </ClCompile>
    <ClCompile Include="..\..\..\common\texture.cpp">
      <Filter>源文件</Filter>
    </ClCompile>
    <ClCompile Include="..\..\..\common\thread.cpp">
      <Filter>源文件</Filter>
    </ClCompile>
    <ClCompile Include="..\..\..\common\utils.cpp">
      <Filter>源文件</Filter>
    </ClCompile>
    <ClCompile Include="..\..\..\common\vector.cpp">
      <Filter>源文件</Filter>
    </ClCompile>
    <ClCompile Include="..\..\..\common\openal\alAuxEffectSlot.c">
      <Filter>源文件</Filter>
    </ClCompile>
    <ClCompile Include="..\..\..\common\openal\alBuffer.c">
      <Filter>源文件</Filter>
    </ClCompile>
    <ClCompile Include="..\..\..\common\openal\ALc.c">
      <Filter>源文件</Filter>
    </ClCompile>
    <ClCompile Include="..\..\..\common\openal\alcConfig.c">
      <Filter>源文件</Filter>
    </ClCompile>
    <ClCompile Include="..\..\..\common\openal\alcEcho.c">
      <Filter>源文件</Filter>
    </ClCompile>
    <ClCompile Include="..\..\..\common\openal\alcModulator.c">
      <Filter>源文件</Filter>
    </ClCompile>
    <ClCompile Include="..\..\..\common\openal\alcReverb.c">
      <Filter>源文件</Filter>
    </ClCompile>
    <ClCompile Include="..\..\..\common\openal\alcRing.c">
      <Filter>源文件</Filter>
    </ClCompile>
    <ClCompile Include="..\..\..\common\openal\alcThread.c">
      <Filter>源文件</Filter>
    </ClCompile>
    <ClCompile Include="..\..\..\common\openal\alDatabuffer.c">
      <Filter>源文件</Filter>
    </ClCompile>
    <ClCompile Include="..\..\..\common\openal\alEffect.c">
      <Filter>源文件</Filter>
    </ClCompile>
    <ClCompile Include="..\..\..\common\openal\alError.c">
      <Filter>源文件</Filter>
    </ClCompile>
    <ClCompile Include="..\..\..\common\openal\alExtension.c">
      <Filter>源文件</Filter>
    </ClCompile>
    <ClCompile Include="..\..\..\common\openal\alFilter.c">
      <Filter>源文件</Filter>
    </ClCompile>
    <ClCompile Include="..\..\..\common\openal\alListener.c">
      <Filter>源文件</Filter>
    </ClCompile>
    <ClCompile Include="..\..\..\common\openal\alSource.c">
      <Filter>源文件</Filter>
    </ClCompile>
    <ClCompile Include="..\..\..\common\openal\alState.c">
      <Filter>源文件</Filter>
    </ClCompile>
    <ClCompile Include="..\..\..\common\openal\alThunk.c">
      <Filter>源文件</Filter>
    </ClCompile>
    <ClCompile Include="..\..\..\common\openal\ALu.c">
      <Filter>源文件</Filter>
    </ClCompile>
    <ClCompile Include="..\..\..\common\openal\android.c">
      <Filter>源文件</Filter>
    </ClCompile>
    <ClCompile Include="..\..\..\common\openal\bs2b.c">
      <Filter>源文件</Filter>
    </ClCompile>
    <ClCompile Include="..\..\..\common\openal\null.c">
      <Filter>源文件</Filter>
    </ClCompile>
    <ClCompile Include="..\..\..\common\png\png.c">
      <Filter>源文件</Filter>
    </ClCompile>
    <ClCompile Include="..\..\..\common\png\pngerror.c">
      <Filter>源文件</Filter>
    </ClCompile>
    <ClCompile Include="..\..\..\common\png\pnggccrd.c">
      <Filter>源文件</Filter>
    </ClCompile>
    <ClCompile Include="..\..\..\common\png\pngget.c">
      <Filter>源文件</Filter>
    </ClCompile>
    <ClCompile Include="..\..\..\common\png\pngmem.c">
      <Filter>源文件</Filter>
    </ClCompile>
    <ClCompile Include="..\..\..\common\png\pngpread.c">
      <Filter>源文件</Filter>
    </ClCompile>
    <ClCompile Include="..\..\..\common\png\pngread.c">
      <Filter>源文件</Filter>
    </ClCompile>
    <ClCompile Include="..\..\..\common\png\pngrio.c">
      <Filter>源文件</Filter>
    </ClCompile>
    <ClCompile Include="..\..\..\common\png\pngrtran.c">
      <Filter>源文件</Filter>
    </ClCompile>
    <ClCompile Include="..\..\..\common\png\pngrutil.c">
      <Filter>源文件</Filter>
    </ClCompile>
    <ClCompile Include="..\..\..\common\png\pngset.c">
      <Filter>源文件</Filter>
    </ClCompile>
    <ClCompile Include="..\..\..\common\png\pngtrans.c">
      <Filter>源文件</Filter>
    </ClCompile>
    <ClCompile Include="..\..\..\common\png\pngvcrd.c">
      <Filter>源文件</Filter>
    </ClCompile>
    <ClCompile Include="..\..\..\common\png\pngwio.c">
      <Filter>源文件</Filter>
    </ClCompile>
    <ClCompile Include="..\..\..\common\png\pngwrite.c">
      <Filter>源文件</Filter>
    </ClCompile>
    <ClCompile Include="..\..\..\common\png\pngwtran.c">
      <Filter>源文件</Filter>
    </ClCompile>
    <ClCompile Include="..\..\..\common\png\pngwutil.c">
      <Filter>源文件</Filter>
    </ClCompile>
    <ClCompile Include="..\..\..\common\ttf\stb_truetype.cpp">
      <Filter>源文件</Filter>
    </ClCompile>
    <ClCompile Include="..\..\..\common\zlib\adler32.c">
      <Filter>源文件</Filter>
    </ClCompile>
    <ClCompile Include="..\..\..\common\zlib\compress.c">
      <Filter>源文件</Filter>
    </ClCompile>
    <ClCompile Include="..\..\..\common\zlib\crc32.c">
      <Filter>源文件</Filter>
    </ClCompile>
    <ClCompile Include="..\..\..\common\zlib\deflate.c">
      <Filter>源文件</Filter>
    </ClCompile>
    <ClCompile Include="..\..\..\common\zlib\gzio.c">
      <Filter>源文件</Filter>
    </ClCompile>
    <ClCompile Include="..\..\..\common\zlib\infback.c">
      <Filter>源文件</Filter>
    </ClCompile>
    <ClCompile Include="..\..\..\common\zlib\inffast.c">
      <Filter>源文件</Filter>
    </ClCompile>
    <ClCompile Include="..\..\..\common\zlib\inflate.c">
      <Filter>源文件</Filter>
    </ClCompile>
    <ClCompile Include="..\..\..\common\zlib\inftrees.c">
      <Filter>源文件</Filter>
    </ClCompile>
    <ClCompile Include="..\..\..\common\zlib\ioapi.c">
      <Filter>源文件</Filter>
    </ClCompile>
    <ClCompile Include="..\..\..\common\zlib\trees.c">
      <Filter>源文件</Filter>
    </ClCompile>
    <ClCompile Include="..\..\..\common\zlib\uncompr.c">
      <Filter>源文件</Filter>
    </ClCompile>
    <ClCompile Include="..\..\..\common\zlib\unzip.c">
      <Filter>源文件</Filter>
    </ClCompile>
    <ClCompile Include="..\..\..\common\zlib\zutil.c">
      <Filter>源文件</Filter>
    </ClCompile>
    <ClCompile Include="..\..\..\common\vorbis\analysis.c">
      <Filter>源文件</Filter>
    </ClCompile>
    <ClCompile Include="..\..\..\common\vorbis\bitrate.c">
      <Filter>源文件</Filter>
    </ClCompile>
    <ClCompile Include="..\..\..\common\vorbis\bitwise.c">
      <Filter>源文件</Filter>
    </ClCompile>
    <ClCompile Include="..\..\..\common\vorbis\block.c">
      <Filter>源文件</Filter>
    </ClCompile>
    <ClCompile Include="..\..\..\common\vorbis\codebook.c">
      <Filter>源文件</Filter>
    </ClCompile>
    <ClCompile Include="..\..\..\common\vorbis\envelope.c">
      <Filter>源文件</Filter>
    </ClCompile>
    <ClCompile Include="..\..\..\common\vorbis\floor0.c">
      <Filter>源文件</Filter>
    </ClCompile>
    <ClCompile Include="..\..\..\common\vorbis\floor1.c">
      <Filter>源文件</Filter>
    </ClCompile>
    <ClCompile Include="..\..\..\common\vorbis\framing.c">
      <Filter>源文件</Filter>
    </ClCompile>
    <ClCompile Include="..\..\..\common\vorbis\info.c">
      <Filter>源文件</Filter>
    </ClCompile>
    <ClCompile Include="..\..\..\common\vorbis\lookup.c">
      <Filter>源文件</Filter>
    </ClCompile>
    <ClCompile Include="..\..\..\common\vorbis\lpc.c">
      <Filter>源文件</Filter>
    </ClCompile>
    <ClCompile Include="..\..\..\common\vorbis\lsp.c">
      <Filter>源文件</Filter>
    </ClCompile>
    <ClCompile Include="..\..\..\common\vorbis\mapping0.c">
      <Filter>源文件</Filter>
    </ClCompile>
    <ClCompile Include="..\..\..\common\vorbis\mdct.c">
      <Filter>源文件</Filter>
    </ClCompile>
    <ClCompile Include="..\..\..\common\vorbis\psy.c">
      <Filter>源文件</Filter>
    </ClCompile>
    <ClCompile Include="..\..\..\common\vorbis\registry.c">
      <Filter>源文件</Filter>
    </ClCompile>
    <ClCompile Include="..\..\..\common\vorbis\res0.c">
      <Filter>源文件</Filter>
    </ClCompile>
    <ClCompile Include="..\..\..\common\vorbis\sharedbook.c">
      <Filter>源文件</Filter>
    </ClCompile>
    <ClCompile Include="..\..\..\common\vorbis\smallft.c">
      <Filter>源文件</Filter>
    </ClCompile>
    <ClCompile Include="..\..\..\common\vorbis\synthesis.c">
      <Filter>源文件</Filter>
    </ClCompile>
    <ClCompile Include="..\..\..\common\vorbis\vorbisfile.c">
      <Filter>源文件</Filter>
    </ClCompile>
    <ClCompile Include="..\..\..\common\vorbis\window.c">
      <Filter>源文件</Filter>
    </ClCompile>
    <ClCompile Include="..\..\..\common\recast\Recast.cpp">
      <Filter>源文件</Filter>
    </ClCompile>
    <ClCompile Include="..\..\..\common\recast\RecastAlloc.cpp">
      <Filter>源文件</Filter>
    </ClCompile>
    <ClCompile Include="..\..\..\common\recast\RecastArea.cpp">
      <Filter>源文件</Filter>
    </ClCompile>
    <ClCompile Include="..\..\..\common\recast\RecastContour.cpp">
      <Filter>源文件</Filter>
    </ClCompile>
    <ClCompile Include="..\..\..\common\recast\RecastFilter.cpp">
      <Filter>源文件</Filter>
    </ClCompile>
    <ClCompile Include="..\..\..\common\recast\RecastLog.cpp">
      <Filter>源文件</Filter>
    </ClCompile>
    <ClCompile Include="..\..\..\common\recast\RecastMesh.cpp">
      <Filter>源文件</Filter>
    </ClCompile>
    <ClCompile Include="..\..\..\common\recast\RecastMeshDetail.cpp">
      <Filter>源文件</Filter>
    </ClCompile>
    <ClCompile Include="..\..\..\common\recast\RecastRasterization.cpp">
      <Filter>源文件</Filter>
    </ClCompile>
    <ClCompile Include="..\..\..\common\recast\RecastRegion.cpp">
      <Filter>源文件</Filter>
    </ClCompile>
    <ClCompile Include="..\..\..\common\recast\RecastTimer.cpp">
      <Filter>源文件</Filter>
    </ClCompile>
    <ClCompile Include="..\..\..\common\bullet\bChunk.cpp">
      <Filter>源文件</Filter>
    </ClCompile>
    <ClCompile Include="..\..\..\common\bullet\bDNA.cpp">
      <Filter>源文件</Filter>
    </ClCompile>
    <ClCompile Include="..\..\..\common\bullet\bFile.cpp">
      <Filter>源文件</Filter>
    </ClCompile>
    <ClCompile Include="..\..\..\common\bullet\btActivatingCollisionAlgorithm.cpp">
      <Filter>源文件</Filter>
    </ClCompile>
    <ClCompile Include="..\..\..\common\bullet\btAlignedAllocator.cpp">
      <Filter>源文件</Filter>
    </ClCompile>
    <ClCompile Include="..\..\..\common\bullet\btAxisSweep3.cpp">
      <Filter>源文件</Filter>
    </ClCompile>
    <ClCompile Include="..\..\..\common\bullet\btBox2dBox2dCollisionAlgorithm.cpp">
      <Filter>源文件</Filter>
    </ClCompile>
    <ClCompile Include="..\..\..\common\bullet\btBox2dShape.cpp">
      <Filter>源文件</Filter>
    </ClCompile>
    <ClCompile Include="..\..\..\common\bullet\btBoxBoxCollisionAlgorithm.cpp">
      <Filter>源文件</Filter>
    </ClCompile>
    <ClCompile Include="..\..\..\common\bullet\btBoxBoxDetector.cpp">
      <Filter>源文件</Filter>
    </ClCompile>
    <ClCompile Include="..\..\..\common\bullet\btBoxShape.cpp">
      <Filter>源文件</Filter>
    </ClCompile>
    <ClCompile Include="..\..\..\common\bullet\btBroadphaseProxy.cpp">
      <Filter>源文件</Filter>
    </ClCompile>
    <ClCompile Include="..\..\..\common\bullet\btBulletFile.cpp">
      <Filter>源文件</Filter>
    </ClCompile>
    <ClCompile Include="..\..\..\common\bullet\btBulletWorldImporter.cpp">
      <Filter>源文件</Filter>
    </ClCompile>
    <ClCompile Include="..\..\..\common\bullet\btBvhTriangleMeshShape.cpp">
      <Filter>源文件</Filter>
    </ClCompile>
    <ClCompile Include="..\..\..\common\bullet\btCapsuleShape.cpp">
      <Filter>源文件</Filter>
    </ClCompile>
    <ClCompile Include="..\..\..\common\bullet\btCollisionAlgorithm.cpp">
      <Filter>源文件</Filter>
    </ClCompile>
    <ClCompile Include="..\..\..\common\bullet\btCollisionDispatcher.cpp">
      <Filter>源文件</Filter>
    </ClCompile>
    <ClCompile Include="..\..\..\common\bullet\btCollisionObject.cpp">
      <Filter>源文件</Filter>
    </ClCompile>
    <ClCompile Include="..\..\..\common\bullet\btCollisionShape.cpp">
      <Filter>源文件</Filter>
    </ClCompile>
    <ClCompile Include="..\..\..\common\bullet\btCollisionWorld.cpp">
      <Filter>源文件</Filter>
    </ClCompile>
    <ClCompile Include="..\..\..\common\bullet\btCompoundCollisionAlgorithm.cpp">
      <Filter>源文件</Filter>
    </ClCompile>
    <ClCompile Include="..\..\..\common\bullet\btCompoundShape.cpp">
      <Filter>源文件</Filter>
    </ClCompile>
    <ClCompile Include="..\..\..\common\bullet\btConcaveShape.cpp">
      <Filter>源文件</Filter>
    </ClCompile>
    <ClCompile Include="..\..\..\common\bullet\btConeShape.cpp">
      <Filter>源文件</Filter>
    </ClCompile>
    <ClCompile Include="..\..\..\common\bullet\btConeTwistConstraint.cpp">
      <Filter>源文件</Filter>
    </ClCompile>
    <ClCompile Include="..\..\..\common\bullet\btContactConstraint.cpp">
      <Filter>源文件</Filter>
    </ClCompile>
    <ClCompile Include="..\..\..\common\bullet\btContactProcessing.cpp">
      <Filter>源文件</Filter>
    </ClCompile>
    <ClCompile Include="..\..\..\common\bullet\btContinuousConvexCollision.cpp">
      <Filter>源文件</Filter>
    </ClCompile>
    <ClCompile Include="..\..\..\common\bullet\btContinuousDynamicsWorld.cpp">
      <Filter>源文件</Filter>
    </ClCompile>
    <ClCompile Include="..\..\..\common\bullet\btConvex2dConvex2dAlgorithm.cpp">
      <Filter>源文件</Filter>
    </ClCompile>
    <ClCompile Include="..\..\..\common\bullet\btConvex2dShape.cpp">
      <Filter>源文件</Filter>
    </ClCompile>
    <ClCompile Include="..\..\..\common\bullet\btConvexCast.cpp">
      <Filter>源文件</Filter>
    </ClCompile>
    <ClCompile Include="..\..\..\common\bullet\btConvexConcaveCollisionAlgorithm.cpp">
      <Filter>源文件</Filter>
    </ClCompile>
    <ClCompile Include="..\..\..\common\bullet\btConvexConvexAlgorithm.cpp">
      <Filter>源文件</Filter>
    </ClCompile>
    <ClCompile Include="..\..\..\common\bullet\btConvexHull.cpp">
      <Filter>源文件</Filter>
    </ClCompile>
    <ClCompile Include="..\..\..\common\bullet\btConvexHullComputer.cpp">
      <Filter>源文件</Filter>
    </ClCompile>
    <ClCompile Include="..\..\..\common\bullet\btConvexHullShape.cpp">
      <Filter>源文件</Filter>
    </ClCompile>
    <ClCompile Include="..\..\..\common\bullet\btConvexInternalShape.cpp">
      <Filter>源文件</Filter>
    </ClCompile>
    <ClCompile Include="..\..\..\common\bullet\btConvexPlaneCollisionAlgorithm.cpp">
      <Filter>源文件</Filter>
    </ClCompile>
    <ClCompile Include="..\..\..\common\bullet\btConvexPointCloudShape.cpp">
      <Filter>源文件</Filter>
    </ClCompile>
    <ClCompile Include="..\..\..\common\bullet\btConvexPolyhedron.cpp">
      <Filter>源文件</Filter>
    </ClCompile>
    <ClCompile Include="..\..\..\common\bullet\btConvexShape.cpp">
      <Filter>源文件</Filter>
    </ClCompile>
    <ClCompile Include="..\..\..\common\bullet\btConvexTriangleMeshShape.cpp">
      <Filter>源文件</Filter>
    </ClCompile>
    <ClCompile Include="..\..\..\common\bullet\btCylinderShape.cpp">
      <Filter>源文件</Filter>
    </ClCompile>
    <ClCompile Include="..\..\..\common\bullet\btDbvt.cpp">
      <Filter>源文件</Filter>
    </ClCompile>
    <ClCompile Include="..\..\..\common\bullet\btDbvtBroadphase.cpp">
      <Filter>源文件</Filter>
    </ClCompile>
    <ClCompile Include="..\..\..\common\bullet\btDefaultCollisionConfiguration.cpp">
      <Filter>源文件</Filter>
    </ClCompile>
    <ClCompile Include="..\..\..\common\bullet\btDefaultSoftBodySolver.cpp">
      <Filter>源文件</Filter>
    </ClCompile>
    <ClCompile Include="..\..\..\common\bullet\btDiscreteDynamicsWorld.cpp">
      <Filter>源文件</Filter>
    </ClCompile>
    <ClCompile Include="..\..\..\common\bullet\btDispatcher.cpp">
      <Filter>源文件</Filter>
    </ClCompile>
    <ClCompile Include="..\..\..\common\bullet\btEmptyCollisionAlgorithm.cpp">
      <Filter>源文件</Filter>
    </ClCompile>
    <ClCompile Include="..\..\..\common\bullet\btEmptyShape.cpp">
      <Filter>源文件</Filter>
    </ClCompile>
    <ClCompile Include="..\..\..\common\bullet\btGeneric6DofConstraint.cpp">
      <Filter>源文件</Filter>
    </ClCompile>
    <ClCompile Include="..\..\..\common\bullet\btGeneric6DofSpringConstraint.cpp">
      <Filter>源文件</Filter>
    </ClCompile>
    <ClCompile Include="..\..\..\common\bullet\btGenericPoolAllocator.cpp">
      <Filter>源文件</Filter>
    </ClCompile>
    <ClCompile Include="..\..\..\common\bullet\btGeometryUtil.cpp">
      <Filter>源文件</Filter>
    </ClCompile>
    <ClCompile Include="..\..\..\common\bullet\btGhostObject.cpp">
      <Filter>源文件</Filter>
    </ClCompile>
    <ClCompile Include="..\..\..\common\bullet\btGImpactBvh.cpp">
      <Filter>源文件</Filter>
    </ClCompile>
    <ClCompile Include="..\..\..\common\bullet\btGImpactCollisionAlgorithm.cpp">
      <Filter>源文件</Filter>
    </ClCompile>
    <ClCompile Include="..\..\..\common\bullet\btGImpactQuantizedBvh.cpp">
      <Filter>源文件</Filter>
    </ClCompile>
    <ClCompile Include="..\..\..\common\bullet\btGImpactShape.cpp">
      <Filter>源文件</Filter>
    </ClCompile>
    <ClCompile Include="..\..\..\common\bullet\btGjkConvexCast.cpp">
      <Filter>源文件</Filter>
    </ClCompile>
    <ClCompile Include="..\..\..\common\bullet\btGjkEpa2.cpp">
      <Filter>源文件</Filter>
    </ClCompile>
    <ClCompile Include="..\..\..\common\bullet\btGjkEpaPenetrationDepthSolver.cpp">
      <Filter>源文件</Filter>
    </ClCompile>
    <ClCompile Include="..\..\..\common\bullet\btGjkPairDetector.cpp">
      <Filter>源文件</Filter>
    </ClCompile>
    <ClCompile Include="..\..\..\common\bullet\btHeightfieldTerrainShape.cpp">
      <Filter>源文件</Filter>
    </ClCompile>
    <ClCompile Include="..\..\..\common\bullet\btHinge2Constraint.cpp">
      <Filter>源文件</Filter>
    </ClCompile>
    <ClCompile Include="..\..\..\common\bullet\btHingeConstraint.cpp">
      <Filter>源文件</Filter>
    </ClCompile>
    <ClCompile Include="..\..\..\common\bullet\btInternalEdgeUtility.cpp">
      <Filter>源文件</Filter>
    </ClCompile>
    <ClCompile Include="..\..\..\common\bullet\btKinematicCharacterController.cpp">
      <Filter>源文件</Filter>
    </ClCompile>
    <ClCompile Include="..\..\..\common\bullet\btManifoldResult.cpp">
      <Filter>源文件</Filter>
    </ClCompile>
    <ClCompile Include="..\..\..\common\bullet\btMinkowskiPenetrationDepthSolver.cpp">
      <Filter>源文件</Filter>
    </ClCompile>
    <ClCompile Include="..\..\..\common\bullet\btMinkowskiSumShape.cpp">
      <Filter>源文件</Filter>
    </ClCompile>
    <ClCompile Include="..\..\..\common\bullet\btMultimaterialTriangleMeshShape.cpp">
      <Filter>源文件</Filter>
    </ClCompile>
    <ClCompile Include="..\..\..\common\bullet\btMultiSapBroadphase.cpp">
      <Filter>源文件</Filter>
    </ClCompile>
    <ClCompile Include="..\..\..\common\bullet\btMultiSphereShape.cpp">
      <Filter>源文件</Filter>
    </ClCompile>
    <ClCompile Include="..\..\..\common\bullet\btOptimizedBvh.cpp">
      <Filter>源文件</Filter>
    </ClCompile>
    <ClCompile Include="..\..\..\common\bullet\btOverlappingPairCache.cpp">
      <Filter>源文件</Filter>
    </ClCompile>
    <ClCompile Include="..\..\..\common\bullet\btPersistentManifold.cpp">
      <Filter>源文件</Filter>
    </ClCompile>
    <ClCompile Include="..\..\..\common\bullet\btPoint2PointConstraint.cpp">
      <Filter>源文件</Filter>
    </ClCompile>
    <ClCompile Include="..\..\..\common\bullet\btPolyhedralContactClipping.cpp">
      <Filter>源文件</Filter>
    </ClCompile>
    <ClCompile Include="..\..\..\common\bullet\btPolyhedralConvexShape.cpp">
      <Filter>源文件</Filter>
    </ClCompile>
    <ClCompile Include="..\..\..\common\bullet\btQuantizedBvh.cpp">
      <Filter>源文件</Filter>
    </ClCompile>
    <ClCompile Include="..\..\..\common\bullet\btQuickprof.cpp">
      <Filter>源文件</Filter>
    </ClCompile>
    <ClCompile Include="..\..\..\common\bullet\btRaycastCallback.cpp">
      <Filter>源文件</Filter>
    </ClCompile>
    <ClCompile Include="..\..\..\common\bullet\btRaycastVehicle.cpp">
      <Filter>源文件</Filter>
    </ClCompile>
    <ClCompile Include="..\..\..\common\bullet\btRigidBody.cpp">
      <Filter>源文件</Filter>
    </ClCompile>
    <ClCompile Include="..\..\..\common\bullet\btScaledBvhTriangleMeshShape.cpp">
      <Filter>源文件</Filter>
    </ClCompile>
    <ClCompile Include="..\..\..\common\bullet\btSequentialImpulseConstraintSolver.cpp">
      <Filter>源文件</Filter>
    </ClCompile>
    <ClCompile Include="..\..\..\common\bullet\btSerializer.cpp">
      <Filter>源文件</Filter>
    </ClCompile>
    <ClCompile Include="..\..\..\common\bullet\btShapeHull.cpp">
      <Filter>源文件</Filter>
    </ClCompile>
    <ClCompile Include="..\..\..\common\bullet\btSimpleBroadphase.cpp">
      <Filter>源文件</Filter>
    </ClCompile>
    <ClCompile Include="..\..\..\common\bullet\btSimpleDynamicsWorld.cpp">
      <Filter>源文件</Filter>
    </ClCompile>
    <ClCompile Include="..\..\..\common\bullet\btSimulationIslandManager.cpp">
      <Filter>源文件</Filter>
    </ClCompile>
    <ClCompile Include="..\..\..\common\bullet\btSliderConstraint.cpp">
      <Filter>源文件</Filter>
    </ClCompile>
    <ClCompile Include="..\..\..\common\bullet\btSoftBody.cpp">
      <Filter>源文件</Filter>
    </ClCompile>
    <ClCompile Include="..\..\..\common\bullet\btSoftBodyConcaveCollisionAlgorithm.cpp">
      <Filter>源文件</Filter>
    </ClCompile>
    <ClCompile Include="..\..\..\common\bullet\btSoftBodyHelpers.cpp">
      <Filter>源文件</Filter>
    </ClCompile>
    <ClCompile Include="..\..\..\common\bullet\btSoftBodyRigidBodyCollisionConfiguration.cpp">
      <Filter>源文件</Filter>
    </ClCompile>
    <ClCompile Include="..\..\..\common\bullet\btSoftRigidCollisionAlgorithm.cpp">
      <Filter>源文件</Filter>
    </ClCompile>
    <ClCompile Include="..\..\..\common\bullet\btSoftRigidDynamicsWorld.cpp">
      <Filter>源文件</Filter>
    </ClCompile>
    <ClCompile Include="..\..\..\common\bullet\btSoftSoftCollisionAlgorithm.cpp">
      <Filter>源文件</Filter>
    </ClCompile>
    <ClCompile Include="..\..\..\common\bullet\btSolve2LinearConstraint.cpp">
      <Filter>源文件</Filter>
    </ClCompile>
    <ClCompile Include="..\..\..\common\bullet\btSphereBoxCollisionAlgorithm.cpp">
      <Filter>源文件</Filter>
    </ClCompile>
    <ClCompile Include="..\..\..\common\bullet\btSphereShape.cpp">
      <Filter>源文件</Filter>
    </ClCompile>
    <ClCompile Include="..\..\..\common\bullet\btSphereSphereCollisionAlgorithm.cpp">
      <Filter>源文件</Filter>
    </ClCompile>
    <ClCompile Include="..\..\..\common\bullet\btSphereTriangleCollisionAlgorithm.cpp">
      <Filter>源文件</Filter>
    </ClCompile>
    <ClCompile Include="..\..\..\common\bullet\btStaticPlaneShape.cpp">
      <Filter>源文件</Filter>
    </ClCompile>
    <ClCompile Include="..\..\..\common\bullet\btStridingMeshInterface.cpp">
      <Filter>源文件</Filter>
    </ClCompile>
    <ClCompile Include="..\..\..\common\bullet\btSubSimplexConvexCast.cpp">
      <Filter>源文件</Filter>
    </ClCompile>
    <ClCompile Include="..\..\..\common\bullet\btTetrahedronShape.cpp">
      <Filter>源文件</Filter>
    </ClCompile>
    <ClCompile Include="..\..\..\common\bullet\btTriangleBuffer.cpp">
      <Filter>源文件</Filter>
    </ClCompile>
    <ClCompile Include="..\..\..\common\bullet\btTriangleCallback.cpp">
      <Filter>源文件</Filter>
    </ClCompile>
    <ClCompile Include="..\..\..\common\bullet\btTriangleIndexVertexArray.cpp">
      <Filter>源文件</Filter>
    </ClCompile>
    <ClCompile Include="..\..\..\common\bullet\btTriangleIndexVertexMaterialArray.cpp">
      <Filter>源文件</Filter>
    </ClCompile>
    <ClCompile Include="..\..\..\common\bullet\btTriangleMesh.cpp">
      <Filter>源文件</Filter>
    </ClCompile>
    <ClCompile Include="..\..\..\common\bullet\btTriangleMeshShape.cpp">
      <Filter>源文件</Filter>
    </ClCompile>
    <ClCompile Include="..\..\..\common\bullet\btTriangleShapeEx.cpp">
      <Filter>源文件</Filter>
    </ClCompile>
    <ClCompile Include="..\..\..\common\bullet\btTypedConstraint.cpp">
      <Filter>源文件</Filter>
    </ClCompile>
    <ClCompile Include="..\..\..\common\bullet\btUniformScalingShape.cpp">
      <Filter>源文件</Filter>
    </ClCompile>
    <ClCompile Include="..\..\..\common\bullet\btUnionFind.cpp">
      <Filter>源文件</Filter>
    </ClCompile>
    <ClCompile Include="..\..\..\common\bullet\btUniversalConstraint.cpp">
      <Filter>源文件</Filter>
    </ClCompile>
    <ClCompile Include="..\..\..\common\bullet\btVoronoiSimplexSolver.cpp">
      <Filter>源文件</Filter>
    </ClCompile>
    <ClCompile Include="..\..\..\common\bullet\btWheelInfo.cpp">
      <Filter>源文件</Filter>
    </ClCompile>
    <ClCompile Include="..\..\..\common\bullet\gim_box_set.cpp">
      <Filter>源文件</Filter>
    </ClCompile>
    <ClCompile Include="..\..\..\common\bullet\gim_contact.cpp">
      <Filter>源文件</Filter>
    </ClCompile>
    <ClCompile Include="..\..\..\common\bullet\gim_memory.cpp">
      <Filter>源文件</Filter>
    </ClCompile>
    <ClCompile Include="..\..\..\common\bullet\gim_tri_collision.cpp">
      <Filter>源文件</Filter>
    </ClCompile>
    <ClCompile Include="..\..\..\common\bullet\SphereTriangleDetector.cpp">
      <Filter>源文件</Filter>
    </ClCompile>
    <ClCompile Include="..\..\..\common\detour\DetourAlloc.cpp">
      <Filter>源文件</Filter>
    </ClCompile>
    <ClCompile Include="..\..\..\common\detour\DetourCommon.cpp">
      <Filter>源文件</Filter>
    </ClCompile>
    <ClCompile Include="..\..\..\common\detour\DetourNavMesh.cpp">
      <Filter>源文件</Filter>
    </ClCompile>
    <ClCompile Include="..\..\..\common\detour\DetourNavMeshBuilder.cpp">
      <Filter>源文件</Filter>
    </ClCompile>
    <ClCompile Include="..\..\..\common\detour\DetourNode.cpp">
      <Filter>源文件</Filter>
    </ClCompile>
    <ClCompile Include="..\..\..\common\nvtristrip\NvTriStrip.cpp">
      <Filter>源文件</Filter>
    </ClCompile>
    <ClCompile Include="..\..\..\common\nvtristrip\NvTriStripObjects.cpp">
      <Filter>源文件</Filter>
    </ClCompile>
    <ClCompile Include="..\..\..\common\nvtristrip\VertexCache.cpp">
      <Filter>源文件</Filter>
    </ClCompile>
  </ItemGroup>
  <ItemGroup>
    <ClInclude Include="..\nativewin.h">
      <Filter>头文件</Filter>
    </ClInclude>
    <ClInclude Include="..\..\templateApp.h">
      <Filter>头文件</Filter>
    </ClInclude>
    <ClInclude Include="..\..\..\common\audio.h">
      <Filter>头文件</Filter>
    </ClInclude>
    <ClInclude Include="..\..\..\common\font.h">
      <Filter>头文件</Filter>
    </ClInclude>
    <ClInclude Include="..\..\..\common\gfx.h">
      <Filter>头文件</Filter>
    </ClInclude>
    <ClInclude Include="..\..\..\common\light.h">
      <Filter>头文件</Filter>
    </ClInclude>
    <ClInclude Include="..\..\..\common\matrix.h">
      <Filter>头文件</Filter>
    </ClInclude>
    <ClInclude Include="..\..\..\common\md5.h">
      <Filter>头文件</Filter>
    </ClInclude>
    <ClInclude Include="..\..\..\common\memory.h">
      <Filter>头文件</Filter>
    </ClInclude>
    <ClInclude Include="..\..\..\common\navigation.h">
      <Filter>头文件</Filter>
    </ClInclude>
    <ClInclude Include="..\..\..\common\obj.h">
      <Filter>头文件</Filter>
    </ClInclude>
    <ClInclude Include="..\..\..\common\program.h">
      <Filter>头文件</Filter>
    </ClInclude>
    <ClInclude Include="..\..\..\common\shader.h">
      <Filter>头文件</Filter>
    </ClInclude>
    <ClInclude Include="..\..\..\common\sound.h">
      <Filter>头文件</Filter>
    </ClInclude>
    <ClInclude Include="..\..\..\common\texture.h">
      <Filter>头文件</Filter>
    </ClInclude>
    <ClInclude Include="..\..\..\common\thread.h">
      <Filter>头文件</Filter>
    </ClInclude>
    <ClInclude Include="..\..\..\common\types.h">
      <Filter>头文件</Filter>
    </ClInclude>
    <ClInclude Include="..\..\..\common\utils.h">
      <Filter>头文件</Filter>
    </ClInclude>
    <ClInclude Include="..\..\..\common\vector.h">
      <Filter>头文件</Filter>
    </ClInclude>
    <ClInclude Include="..\..\..\common\openal\al.h">
      <Filter>头文件</Filter>
    </ClInclude>
    <ClInclude Include="..\..\..\common\openal\alAuxEffectSlot.h">
      <Filter>头文件</Filter>
    </ClInclude>
    <ClInclude Include="..\..\..\common\openal\alBuffer.h">
      <Filter>头文件</Filter>
    </ClInclude>
    <ClInclude Include="..\..\..\common\openal\alc.h">
      <Filter>头文件</Filter>
    </ClInclude>
    <ClInclude Include="..\..\..\common\openal\alDatabuffer.h">
      <Filter>头文件</Filter>
    </ClInclude>
    <ClInclude Include="..\..\..\common\openal\alEffect.h">
      <Filter>头文件</Filter>
    </ClInclude>
    <ClInclude Include="..\..\..\common\openal\alError.h">
      <Filter>头文件</Filter>
    </ClInclude>
    <ClInclude Include="..\..\..\common\openal\alext.h">
      <Filter>头文件</Filter>
    </ClInclude>
    <ClInclude Include="..\..\..\common\openal\alFilter.h">
      <Filter>头文件</Filter>
    </ClInclude>
    <ClInclude Include="..\..\..\common\openal\alListener.h">
      <Filter>头文件</Filter>
    </ClInclude>
    <ClInclude Include="..\..\..\common\openal\alMain.h">
      <Filter>头文件</Filter>
    </ClInclude>
    <ClInclude Include="..\..\..\common\openal\alSource.h">
      <Filter>头文件</Filter>
    </ClInclude>
    <ClInclude Include="..\..\..\common\openal\alState.h">
      <Filter>头文件</Filter>
    </ClInclude>
    <ClInclude Include="..\..\..\common\openal\alThunk.h">
      <Filter>头文件</Filter>
    </ClInclude>
    <ClInclude Include="..\..\..\common\openal\alu.h">
      <Filter>头文件</Filter>
    </ClInclude>
    <ClInclude Include="..\..\..\common\openal\bs2b.h">
      <Filter>头文件</Filter>
    </ClInclude>
    <ClInclude Include="..\..\..\common\openal\config.h">
      <Filter>头文件</Filter>
    </ClInclude>
    <ClInclude Include="..\..\..\common\openal\efx.h">
      <Filter>头文件</Filter>
    </ClInclude>
    <ClInclude Include="..\..\..\common\openal\efx-creative.h">
      <Filter>头文件</Filter>
    </ClInclude>
    <ClInclude Include="..\..\..\common\png\png.h">
      <Filter>源文件</Filter>
    </ClInclude>
    <ClInclude Include="..\..\..\common\png\pngconf.h">
      <Filter>源文件</Filter>
    </ClInclude>
    <ClInclude Include="..\..\..\common\zlib\crc32.h">
      <Filter>源文件</Filter>
    </ClInclude>
    <ClInclude Include="..\..\..\common\zlib\crypt.h">
      <Filter>源文件</Filter>
    </ClInclude>
    <ClInclude Include="..\..\..\common\zlib\deflate.h">
      <Filter>源文件</Filter>
    </ClInclude>
    <ClInclude Include="..\..\..\common\zlib\inffast.h">
      <Filter>源文件</Filter>
    </ClInclude>
    <ClInclude Include="..\..\..\common\zlib\inffixed.h">
      <Filter>源文件</Filter>
    </ClInclude>
    <ClInclude Include="..\..\..\common\zlib\inflate.h">
      <Filter>源文件</Filter>
    </ClInclude>
    <ClInclude Include="..\..\..\common\zlib\inftrees.h">
      <Filter>源文件</Filter>
    </ClInclude>
    <ClInclude Include="..\..\..\common\zlib\ioapi.h">
      <Filter>源文件</Filter>
    </ClInclude>
    <ClInclude Include="..\..\..\common\zlib\trees.h">
      <Filter>源文件</Filter>
    </ClInclude>
    <ClInclude Include="..\..\..\common\zlib\unzip.h">
      <Filter>源文件</Filter>
    </ClInclude>
    <ClInclude Include="..\..\..\common\zlib\zconf.h">
      <Filter>源文件</Filter>
    </ClInclude>
    <ClInclude Include="..\..\..\common\zlib\zlib.h">
      <Filter>源文件</Filter>
    </ClInclude>
    <ClInclude Include="..\..\..\common\zlib\zutil.h">
      <Filter>源文件</Filter>
    </ClInclude>
    <ClInclude Include="..\..\..\common\vorbis\backends.h">
      <Filter>源文件</Filter>
    </ClInclude>
    <ClInclude Include="..\..\..\common\vorbis\bitrate.h">
      <Filter>源文件</Filter>
    </ClInclude>
    <ClInclude Include="..\..\..\common\vorbis\codebook.h">
      <Filter>源文件</Filter>
    </ClInclude>
    <ClInclude Include="..\..\..\common\vorbis\codec.h">
      <Filter>源文件</Filter>
    </ClInclude>
    <ClInclude Include="..\..\..\common\vorbis\codec_internal.h">
      <Filter>源文件</Filter>
    </ClInclude>
    <ClInclude Include="..\..\..\common\vorbis\envelope.h">
      <Filter>源文件</Filter>
    </ClInclude>
    <ClInclude Include="..\..\..\common\vorbis\highlevel.h">
      <Filter>源文件</Filter>
    </ClInclude>
    <ClInclude Include="..\..\..\common\vorbis\lookup.h">
      <Filter>源文件</Filter>
    </ClInclude>
    <ClInclude Include="..\..\..\common\vorbis\lookup_data.h">
      <Filter>源文件</Filter>
    </ClInclude>
    <ClInclude Include="..\..\..\common\vorbis\lpc.h">
      <Filter>源文件</Filter>
    </ClInclude>
    <ClInclude Include="..\..\..\common\vorbis\lsp.h">
      <Filter>源文件</Filter>
    </ClInclude>
    <ClInclude Include="..\..\..\common\vorbis\masking.h">
      <Filter>源文件</Filter>
    </ClInclude>
    <ClInclude Include="..\..\..\common\vorbis\mdct.h">
      <Filter>源文件</Filter>
    </ClInclude>
    <ClInclude Include="..\..\..\common\vorbis\misc.h">
      <Filter>源文件</Filter>
    </ClInclude>
    <ClInclude Include="..\..\..\common\vorbis\ogg.h">
      <Filter>源文件</Filter>
    </ClInclude>
    <ClInclude Include="..\..\..\common\vorbis\os.h">
      <Filter>源文件</Filter>
    </ClInclude>
    <ClInclude Include="..\..\..\common\vorbis\os_types.h">
      <Filter>源文件</Filter>
    </ClInclude>
    <ClInclude Include="..\..\..\common\vorbis\psy.h">
      <Filter>源文件</Filter>
    </ClInclude>
    <ClInclude Include="..\..\..\common\vorbis\registry.h">
      <Filter>源文件</Filter>
    </ClInclude>
    <ClInclude Include="..\..\..\common\vorbis\scales.h">
      <Filter>源文件</Filter>
    </ClInclude>
    <ClInclude Include="..\..\..\common\vorbis\smallft.h">
      <Filter>源文件</Filter>
    </ClInclude>
    <ClInclude Include="..\..\..\common\vorbis\vorbisenc.h">
      <Filter>源文件</Filter>
    </ClInclude>
    <ClInclude Include="..\..\..\common\vorbis\vorbisfile.h">
      <Filter>源文件</Filter>
    </ClInclude>
    <ClInclude Include="..\..\..\common\vorbis\window.h">
      <Filter>源文件</Filter>
    </ClInclude>
    <ClInclude Include="..\..\..\common\recast\DebugDraw.h">
      <Filter>源文件</Filter>
    </ClInclude>
    <ClInclude Include="..\..\..\common\recast\Recast.h">
      <Filter>源文件</Filter>
    </ClInclude>
    <ClInclude Include="..\..\..\common\recast\RecastAlloc.h">
      <Filter>源文件</Filter>
    </ClInclude>
    <ClInclude Include="..\..\..\common\recast\RecastDebugDraw.h">
      <Filter>源文件</Filter>
    </ClInclude>
    <ClInclude Include="..\..\..\common\recast\RecastDump.h">
      <Filter>源文件</Filter>
    </ClInclude>
    <ClInclude Include="..\..\..\common\recast\RecastLog.h">
      <Filter>源文件</Filter>
    </ClInclude>
    <ClInclude Include="..\..\..\common\recast\RecastTimer.h">
      <Filter>源文件</Filter>
    </ClInclude>
    <ClInclude Include="..\..\..\common\bullet\bChunk.h">
      <Filter>头文件</Filter>
    </ClInclude>
    <ClInclude Include="..\..\..\common\bullet\bCommon.h">
      <Filter>头文件</Filter>
    </ClInclude>
    <ClInclude Include="..\..\..\common\bullet\bDefines.h">
      <Filter>头文件</Filter>
    </ClInclude>
    <ClInclude Include="..\..\..\common\bullet\bDNA.h">
      <Filter>头文件</Filter>
    </ClInclude>
    <ClInclude Include="..\..\..\common\bullet\bFile.h">
      <Filter>头文件</Filter>
    </ClInclude>
    <ClInclude Include="..\..\..\common\bullet\btAabbUtil2.h">
      <Filter>头文件</Filter>
    </ClInclude>
    <ClInclude Include="..\..\..\common\bullet\btActionInterface.h">
      <Filter>头文件</Filter>
    </ClInclude>
    <ClInclude Include="..\..\..\common\bullet\btActivatingCollisionAlgorithm.h">
      <Filter>头文件</Filter>
    </ClInclude>
    <ClInclude Include="..\..\..\common\bullet\btAlignedAllocator.h">
      <Filter>头文件</Filter>
    </ClInclude>
    <ClInclude Include="..\..\..\common\bullet\btAlignedObjectArray.h">
      <Filter>头文件</Filter>
    </ClInclude>
    <ClInclude Include="..\..\..\common\bullet\btAxisSweep3.h">
      <Filter>头文件</Filter>
    </ClInclude>
    <ClInclude Include="..\..\..\common\bullet\btBox2dBox2dCollisionAlgorithm.h">
      <Filter>头文件</Filter>
    </ClInclude>
    <ClInclude Include="..\..\..\common\bullet\btBox2dShape.h">
      <Filter>头文件</Filter>
    </ClInclude>
    <ClInclude Include="..\..\..\common\bullet\btBoxBoxCollisionAlgorithm.h">
      <Filter>头文件</Filter>
    </ClInclude>
    <ClInclude Include="..\..\..\common\bullet\btBoxBoxDetector.h">
      <Filter>头文件</Filter>
    </ClInclude>
    <ClInclude Include="..\..\..\common\bullet\btBoxCollision.h">
      <Filter>头文件</Filter>
    </ClInclude>
    <ClInclude Include="..\..\..\common\bullet\btBoxShape.h">
      <Filter>头文件</Filter>
    </ClInclude>
    <ClInclude Include="..\..\..\common\bullet\btBroadphaseInterface.h">
      <Filter>头文件</Filter>
    </ClInclude>
    <ClInclude Include="..\..\..\common\bullet\btBroadphaseProxy.h">
      <Filter>头文件</Filter>
    </ClInclude>
    <ClInclude Include="..\..\..\common\bullet\btBulletCollisionCommon.h">
      <Filter>头文件</Filter>
    </ClInclude>
    <ClInclude Include="..\..\..\common\bullet\btBulletDynamicsCommon.h">
      <Filter>头文件</Filter>
    </ClInclude>
    <ClInclude Include="..\..\..\common\bullet\btBulletFile.h">
      <Filter>头文件</Filter>
    </ClInclude>
    <ClInclude Include="..\..\..\common\bullet\btBulletWorldImporter.h">
      <Filter>头文件</Filter>
    </ClInclude>
    <ClInclude Include="..\..\..\common\bullet\btBvhTriangleMeshShape.h">
      <Filter>头文件</Filter>
    </ClInclude>
    <ClInclude Include="..\..\..\common\bullet\btCapsuleShape.h">
      <Filter>头文件</Filter>
    </ClInclude>
    <ClInclude Include="..\..\..\common\bullet\btCharacterControllerInterface.h">
      <Filter>头文件</Filter>
    </ClInclude>
    <ClInclude Include="..\..\..\common\bullet\btClipPolygon.h">
      <Filter>头文件</Filter>
    </ClInclude>
    <ClInclude Include="..\..\..\common\bullet\btCollisionAlgorithm.h">
      <Filter>头文件</Filter>
    </ClInclude>
    <ClInclude Include="..\..\..\common\bullet\btCollisionConfiguration.h">
      <Filter>头文件</Filter>
    </ClInclude>
    <ClInclude Include="..\..\..\common\bullet\btCollisionCreateFunc.h">
      <Filter>头文件</Filter>
    </ClInclude>
    <ClInclude Include="..\..\..\common\bullet\btCollisionDispatcher.h">
      <Filter>头文件</Filter>
    </ClInclude>
    <ClInclude Include="..\..\..\common\bullet\btCollisionMargin.h">
      <Filter>头文件</Filter>
    </ClInclude>
    <ClInclude Include="..\..\..\common\bullet\btCollisionObject.h">
      <Filter>头文件</Filter>
    </ClInclude>
    <ClInclude Include="..\..\..\common\bullet\btCollisionShape.h">
      <Filter>头文件</Filter>
    </ClInclude>
    <ClInclude Include="..\..\..\common\bullet\btCollisionWorld.h">
      <Filter>头文件</Filter>
    </ClInclude>
    <ClInclude Include="..\..\..\common\bullet\btCompoundCollisionAlgorithm.h">
      <Filter>头文件</Filter>
    </ClInclude>
    <ClInclude Include="..\..\..\common\bullet\btCompoundShape.h">
      <Filter>头文件</Filter>
    </ClInclude>
    <ClInclude Include="..\..\..\common\bullet\btConcaveShape.h">
      <Filter>头文件</Filter>
    </ClInclude>
    <ClInclude Include="..\..\..\common\bullet\btConeShape.h">
      <Filter>头文件</Filter>
    </ClInclude>
    <ClInclude Include="..\..\..\common\bullet\btConeTwistConstraint.h">
      <Filter>头文件</Filter>
    </ClInclude>
    <ClInclude Include="..\..\..\common\bullet\btConstraintSolver.h">
      <Filter>头文件</Filter>
    </ClInclude>
    <ClInclude Include="..\..\..\common\bullet\btContactConstraint.h">
      <Filter>头文件</Filter>
    </ClInclude>
    <ClInclude Include="..\..\..\common\bullet\btContactProcessing.h">
      <Filter>头文件</Filter>
    </ClInclude>
    <ClInclude Include="..\..\..\common\bullet\btContactSolverInfo.h">
      <Filter>头文件</Filter>
    </ClInclude>
    <ClInclude Include="..\..\..\common\bullet\btContinuousConvexCollision.h">
      <Filter>头文件</Filter>
    </ClInclude>
    <ClInclude Include="..\..\..\common\bullet\btContinuousDynamicsWorld.h">
      <Filter>头文件</Filter>
    </ClInclude>
    <ClInclude Include="..\..\..\common\bullet\btConvex2dConvex2dAlgorithm.h">
      <Filter>头文件</Filter>
    </ClInclude>
    <ClInclude Include="..\..\..\common\bullet\btConvex2dShape.h">
      <Filter>头文件</Filter>
    </ClInclude>
    <ClInclude Include="..\..\..\common\bullet\btConvexCast.h">
      <Filter>头文件</Filter>
    </ClInclude>
    <ClInclude Include="..\..\..\common\bullet\btConvexConcaveCollisionAlgorithm.h">
      <Filter>头文件</Filter>
    </ClInclude>
    <ClInclude Include="..\..\..\common\bullet\btConvexConvexAlgorithm.h">
      <Filter>头文件</Filter>
    </ClInclude>
    <ClInclude Include="..\..\..\common\bullet\btConvexHull.h">
      <Filter>头文件</Filter>
    </ClInclude>
    <ClInclude Include="..\..\..\common\bullet\btConvexHullComputer.h">
      <Filter>头文件</Filter>
    </ClInclude>
    <ClInclude Include="..\..\..\common\bullet\btConvexHullShape.h">
      <Filter>头文件</Filter>
    </ClInclude>
    <ClInclude Include="..\..\..\common\bullet\btConvexInternalShape.h">
      <Filter>头文件</Filter>
    </ClInclude>
    <ClInclude Include="..\..\..\common\bullet\btConvexPenetrationDepthSolver.h">
      <Filter>头文件</Filter>
    </ClInclude>
    <ClInclude Include="..\..\..\common\bullet\btConvexPlaneCollisionAlgorithm.h">
      <Filter>头文件</Filter>
    </ClInclude>
    <ClInclude Include="..\..\..\common\bullet\btConvexPointCloudShape.h">
      <Filter>头文件</Filter>
    </ClInclude>
    <ClInclude Include="..\..\..\common\bullet\btConvexPolyhedron.h">
      <Filter>头文件</Filter>
    </ClInclude>
    <ClInclude Include="..\..\..\common\bullet\btConvexShape.h">
      <Filter>头文件</Filter>
    </ClInclude>
    <ClInclude Include="..\..\..\common\bullet\btConvexTriangleMeshShape.h">
      <Filter>头文件</Filter>
    </ClInclude>
    <ClInclude Include="..\..\..\common\bullet\btCylinderShape.h">
      <Filter>头文件</Filter>
    </ClInclude>
    <ClInclude Include="..\..\..\common\bullet\btDbvt.h">
      <Filter>头文件</Filter>
    </ClInclude>
    <ClInclude Include="..\..\..\common\bullet\btDbvtBroadphase.h">
      <Filter>头文件</Filter>
    </ClInclude>
    <ClInclude Include="..\..\..\common\bullet\btDefaultCollisionConfiguration.h">
      <Filter>头文件</Filter>
    </ClInclude>
    <ClInclude Include="..\..\..\common\bullet\btDefaultMotionState.h">
      <Filter>头文件</Filter>
    </ClInclude>
    <ClInclude Include="..\..\..\common\bullet\btDefaultSoftBodySolver.h">
      <Filter>头文件</Filter>
    </ClInclude>
    <ClInclude Include="..\..\..\common\bullet\btDiscreteCollisionDetectorInterface.h">
      <Filter>头文件</Filter>
    </ClInclude>
    <ClInclude Include="..\..\..\common\bullet\btDiscreteDynamicsWorld.h">
      <Filter>头文件</Filter>
    </ClInclude>
    <ClInclude Include="..\..\..\common\bullet\btDispatcher.h">
      <Filter>头文件</Filter>
    </ClInclude>
    <ClInclude Include="..\..\..\common\bullet\btDynamicsWorld.h">
      <Filter>头文件</Filter>
    </ClInclude>
    <ClInclude Include="..\..\..\common\bullet\btEmptyCollisionAlgorithm.h">
      <Filter>头文件</Filter>
    </ClInclude>
    <ClInclude Include="..\..\..\common\bullet\btEmptyShape.h">
      <Filter>头文件</Filter>
    </ClInclude>
    <ClInclude Include="..\..\..\common\bullet\btGeneric6DofConstraint.h">
      <Filter>头文件</Filter>
    </ClInclude>
    <ClInclude Include="..\..\..\common\bullet\btGeneric6DofSpringConstraint.h">
      <Filter>头文件</Filter>
    </ClInclude>
    <ClInclude Include="..\..\..\common\bullet\btGenericPoolAllocator.h">
      <Filter>头文件</Filter>
    </ClInclude>
    <ClInclude Include="..\..\..\common\bullet\btGeometryOperations.h">
      <Filter>头文件</Filter>
    </ClInclude>
    <ClInclude Include="..\..\..\common\bullet\btGeometryUtil.h">
      <Filter>头文件</Filter>
    </ClInclude>
    <ClInclude Include="..\..\..\common\bullet\btGhostObject.h">
      <Filter>头文件</Filter>
    </ClInclude>
    <ClInclude Include="..\..\..\common\bullet\btGImpactBvh.h">
      <Filter>头文件</Filter>
    </ClInclude>
    <ClInclude Include="..\..\..\common\bullet\btGImpactCollisionAlgorithm.h">
      <Filter>头文件</Filter>
    </ClInclude>
    <ClInclude Include="..\..\..\common\bullet\btGImpactMassUtil.h">
      <Filter>头文件</Filter>
    </ClInclude>
    <ClInclude Include="..\..\..\common\bullet\btGImpactQuantizedBvh.h">
      <Filter>头文件</Filter>
    </ClInclude>
    <ClInclude Include="..\..\..\common\bullet\btGImpactShape.h">
      <Filter>头文件</Filter>
    </ClInclude>
    <ClInclude Include="..\..\..\common\bullet\btGjkConvexCast.h">
      <Filter>头文件</Filter>
    </ClInclude>
    <ClInclude Include="..\..\..\common\bullet\btGjkEpa2.h">
      <Filter>头文件</Filter>
    </ClInclude>
    <ClInclude Include="..\..\..\common\bullet\btGjkEpaPenetrationDepthSolver.h">
      <Filter>头文件</Filter>
    </ClInclude>
    <ClInclude Include="..\..\..\common\bullet\btGjkPairDetector.h">
      <Filter>头文件</Filter>
    </ClInclude>
    <ClInclude Include="..\..\..\common\bullet\btHashMap.h">
      <Filter>头文件</Filter>
    </ClInclude>
    <ClInclude Include="..\..\..\common\bullet\btHeightfieldTerrainShape.h">
      <Filter>头文件</Filter>
    </ClInclude>
    <ClInclude Include="..\..\..\common\bullet\btHinge2Constraint.h">
      <Filter>头文件</Filter>
    </ClInclude>
    <ClInclude Include="..\..\..\common\bullet\btHingeConstraint.h">
      <Filter>头文件</Filter>
    </ClInclude>
    <ClInclude Include="..\..\..\common\bullet\btIDebugDraw.h">
      <Filter>头文件</Filter>
    </ClInclude>
    <ClInclude Include="..\..\..\common\bullet\btInternalEdgeUtility.h">
      <Filter>头文件</Filter>
    </ClInclude>
    <ClInclude Include="..\..\..\common\bullet\btJacobianEntry.h">
      <Filter>头文件</Filter>
    </ClInclude>
    <ClInclude Include="..\..\..\common\bullet\btKinematicCharacterController.h">
      <Filter>头文件</Filter>
    </ClInclude>
    <ClInclude Include="..\..\..\common\bullet\btList.h">
      <Filter>头文件</Filter>
    </ClInclude>
    <ClInclude Include="..\..\..\common\bullet\btManifoldPoint.h">
      <Filter>头文件</Filter>
    </ClInclude>
    <ClInclude Include="..\..\..\common\bullet\btManifoldResult.h">
      <Filter>头文件</Filter>
    </ClInclude>
    <ClInclude Include="..\..\..\common\bullet\btMaterial.h">
      <Filter>头文件</Filter>
    </ClInclude>
    <ClInclude Include="..\..\..\common\bullet\btMatrix3x3.h">
      <Filter>头文件</Filter>
    </ClInclude>
    <ClInclude Include="..\..\..\common\bullet\btMinkowskiPenetrationDepthSolver.h">
      <Filter>头文件</Filter>
    </ClInclude>
    <ClInclude Include="..\..\..\common\bullet\btMinkowskiSumShape.h">
      <Filter>头文件</Filter>
    </ClInclude>
    <ClInclude Include="..\..\..\common\bullet\btMinMax.h">
      <Filter>头文件</Filter>
    </ClInclude>
    <ClInclude Include="..\..\..\common\bullet\btMotionState.h">
      <Filter>头文件</Filter>
    </ClInclude>
    <ClInclude Include="..\..\..\common\bullet\btMultimaterialTriangleMeshShape.h">
      <Filter>头文件</Filter>
    </ClInclude>
    <ClInclude Include="..\..\..\common\bullet\btMultiSapBroadphase.h">
      <Filter>头文件</Filter>
    </ClInclude>
    <ClInclude Include="..\..\..\common\bullet\btMultiSphereShape.h">
      <Filter>头文件</Filter>
    </ClInclude>
    <ClInclude Include="..\..\..\common\bullet\btOptimizedBvh.h">
      <Filter>头文件</Filter>
    </ClInclude>
    <ClInclude Include="..\..\..\common\bullet\btOverlappingPairCache.h">
      <Filter>头文件</Filter>
    </ClInclude>
    <ClInclude Include="..\..\..\common\bullet\btOverlappingPairCallback.h">
      <Filter>头文件</Filter>
    </ClInclude>
    <ClInclude Include="..\..\..\common\bullet\btPersistentManifold.h">
      <Filter>头文件</Filter>
    </ClInclude>
    <ClInclude Include="..\..\..\common\bullet\btPoint2PointConstraint.h">
      <Filter>头文件</Filter>
    </ClInclude>
    <ClInclude Include="..\..\..\common\bullet\btPointCollector.h">
      <Filter>头文件</Filter>
    </ClInclude>
    <ClInclude Include="..\..\..\common\bullet\btPolyhedralContactClipping.h">
      <Filter>头文件</Filter>
    </ClInclude>
    <ClInclude Include="..\..\..\common\bullet\btPolyhedralConvexShape.h">
      <Filter>头文件</Filter>
    </ClInclude>
    <ClInclude Include="..\..\..\common\bullet\btPoolAllocator.h">
      <Filter>头文件</Filter>
    </ClInclude>
    <ClInclude Include="..\..\..\common\bullet\btQuadWord.h">
      <Filter>头文件</Filter>
    </ClInclude>
    <ClInclude Include="..\..\..\common\bullet\btQuantization.h">
      <Filter>头文件</Filter>
    </ClInclude>
    <ClInclude Include="..\..\..\common\bullet\btQuantizedBvh.h">
      <Filter>头文件</Filter>
    </ClInclude>
    <ClInclude Include="..\..\..\common\bullet\btQuaternion.h">
      <Filter>头文件</Filter>
    </ClInclude>
    <ClInclude Include="..\..\..\common\bullet\btQuickprof.h">
      <Filter>头文件</Filter>
    </ClInclude>
    <ClInclude Include="..\..\..\common\bullet\btRandom.h">
      <Filter>头文件</Filter>
    </ClInclude>
    <ClInclude Include="..\..\..\common\bullet\btRaycastCallback.h">
      <Filter>头文件</Filter>
    </ClInclude>
    <ClInclude Include="..\..\..\common\bullet\btRaycastVehicle.h">
      <Filter>头文件</Filter>
    </ClInclude>
    <ClInclude Include="..\..\..\common\bullet\btRigidBody.h">
      <Filter>头文件</Filter>
    </ClInclude>
    <ClInclude Include="..\..\..\common\bullet\btScalar.h">
      <Filter>头文件</Filter>
    </ClInclude>
    <ClInclude Include="..\..\..\common\bullet\btScaledBvhTriangleMeshShape.h">
      <Filter>头文件</Filter>
    </ClInclude>
    <ClInclude Include="..\..\..\common\bullet\btSequentialImpulseConstraintSolver.h">
      <Filter>头文件</Filter>
    </ClInclude>
    <ClInclude Include="..\..\..\common\bullet\btSerializer.h">
      <Filter>头文件</Filter>
    </ClInclude>
    <ClInclude Include="..\..\..\common\bullet\btShapeHull.h">
      <Filter>头文件</Filter>
    </ClInclude>
    <ClInclude Include="..\..\..\common\bullet\btSimpleBroadphase.h">
      <Filter>头文件</Filter>
    </ClInclude>
    <ClInclude Include="..\..\..\common\bullet\btSimpleDynamicsWorld.h">
      <Filter>头文件</Filter>
    </ClInclude>
    <ClInclude Include="..\..\..\common\bullet\btSimplexSolverInterface.h">
      <Filter>头文件</Filter>
    </ClInclude>
    <ClInclude Include="..\..\..\common\bullet\btSimulationIslandManager.h">
      <Filter>头文件</Filter>
    </ClInclude>
    <ClInclude Include="..\..\..\common\bullet\btSliderConstraint.h">
      <Filter>头文件</Filter>
    </ClInclude>
    <ClInclude Include="..\..\..\common\bullet\btSoftBody.h">
      <Filter>头文件</Filter>
    </ClInclude>
    <ClInclude Include="..\..\..\common\bullet\btSoftBodyConcaveCollisionAlgorithm.h">
      <Filter>头文件</Filter>
    </ClInclude>
    <ClInclude Include="..\..\..\common\bullet\btSoftBodyData.h">
      <Filter>头文件</Filter>
    </ClInclude>
    <ClInclude Include="..\..\..\common\bullet\btSoftBodyHelpers.h">
      <Filter>头文件</Filter>
    </ClInclude>
    <ClInclude Include="..\..\..\common\bullet\btSoftBodyInternals.h">
      <Filter>头文件</Filter>
    </ClInclude>
    <ClInclude Include="..\..\..\common\bullet\btSoftBodyRigidBodyCollisionConfiguration.h">
      <Filter>头文件</Filter>
    </ClInclude>
    <ClInclude Include="..\..\..\common\bullet\btSoftBodySolvers.h">
      <Filter>头文件</Filter>
    </ClInclude>
    <ClInclude Include="..\..\..\common\bullet\btSoftBodySolverVertexBuffer.h">
      <Filter>头文件</Filter>
    </ClInclude>
    <ClInclude Include="..\..\..\common\bullet\btSoftRigidCollisionAlgorithm.h">
      <Filter>头文件</Filter>
    </ClInclude>
    <ClInclude Include="..\..\..\common\bullet\btSoftRigidDynamicsWorld.h">
      <Filter>头文件</Filter>
    </ClInclude>
    <ClInclude Include="..\..\..\common\bullet\btSoftSoftCollisionAlgorithm.h">
      <Filter>头文件</Filter>
    </ClInclude>
    <ClInclude Include="..\..\..\common\bullet\btSolve2LinearConstraint.h">
      <Filter>头文件</Filter>
    </ClInclude>
    <ClInclude Include="..\..\..\common\bullet\btSolverBody.h">
      <Filter>头文件</Filter>
    </ClInclude>
    <ClInclude Include="..\..\..\common\bullet\btSolverConstraint.h">
      <Filter>头文件</Filter>
    </ClInclude>
    <ClInclude Include="..\..\..\common\bullet\btSparseSDF.h">
      <Filter>头文件</Filter>
    </ClInclude>
    <ClInclude Include="..\..\..\common\bullet\btSphereBoxCollisionAlgorithm.h">
      <Filter>头文件</Filter>
    </ClInclude>
    <ClInclude Include="..\..\..\common\bullet\btSphereShape.h">
      <Filter>头文件</Filter>
    </ClInclude>
    <ClInclude Include="..\..\..\common\bullet\btSphereSphereCollisionAlgorithm.h">
      <Filter>头文件</Filter>
    </ClInclude>
    <ClInclude Include="..\..\..\common\bullet\btSphereTriangleCollisionAlgorithm.h">
      <Filter>头文件</Filter>
    </ClInclude>
    <ClInclude Include="..\..\..\common\bullet\btStackAlloc.h">
      <Filter>头文件</Filter>
    </ClInclude>
    <ClInclude Include="..\..\..\common\bullet\btStaticPlaneShape.h">
      <Filter>头文件</Filter>
    </ClInclude>
    <ClInclude Include="..\..\..\common\bullet\btStridingMeshInterface.h">
      <Filter>头文件</Filter>
    </ClInclude>
    <ClInclude Include="..\..\..\common\bullet\btSubSimplexConvexCast.h">
      <Filter>头文件</Filter>
    </ClInclude>
    <ClInclude Include="..\..\..\common\bullet\btTetrahedronShape.h">
      <Filter>头文件</Filter>
    </ClInclude>
    <ClInclude Include="..\..\..\common\bullet\btTransform.h">
      <Filter>头文件</Filter>
    </ClInclude>
    <ClInclude Include="..\..\..\common\bullet\btTransformUtil.h">
      <Filter>头文件</Filter>
    </ClInclude>
    <ClInclude Include="..\..\..\common\bullet\btTriangleBuffer.h">
      <Filter>头文件</Filter>
    </ClInclude>
    <ClInclude Include="..\..\..\common\bullet\btTriangleCallback.h">
      <Filter>头文件</Filter>
    </ClInclude>
    <ClInclude Include="..\..\..\common\bullet\btTriangleIndexVertexArray.h">
      <Filter>头文件</Filter>
    </ClInclude>
    <ClInclude Include="..\..\..\common\bullet\btTriangleIndexVertexMaterialArray.h">
      <Filter>头文件</Filter>
    </ClInclude>
    <ClInclude Include="..\..\..\common\bullet\btTriangleInfoMap.h">
      <Filter>头文件</Filter>
    </ClInclude>
    <ClInclude Include="..\..\..\common\bullet\btTriangleMesh.h">
      <Filter>头文件</Filter>
    </ClInclude>
    <ClInclude Include="..\..\..\common\bullet\btTriangleMeshShape.h">
      <Filter>头文件</Filter>
    </ClInclude>
    <ClInclude Include="..\..\..\common\bullet\btTriangleShape.h">
      <Filter>头文件</Filter>
    </ClInclude>
    <ClInclude Include="..\..\..\common\bullet\btTriangleShapeEx.h">
      <Filter>头文件</Filter>
    </ClInclude>
    <ClInclude Include="..\..\..\common\bullet\btTypedConstraint.h">
      <Filter>头文件</Filter>
    </ClInclude>
    <ClInclude Include="..\..\..\common\bullet\btUniformScalingShape.h">
      <Filter>头文件</Filter>
    </ClInclude>
    <ClInclude Include="..\..\..\common\bullet\btUnionFind.h">
      <Filter>头文件</Filter>
    </ClInclude>
    <ClInclude Include="..\..\..\common\bullet\btUniversalConstraint.h">
      <Filter>头文件</Filter>
    </ClInclude>
    <ClInclude Include="..\..\..\common\bullet\btVector3.h">
      <Filter>头文件</Filter>
    </ClInclude>
    <ClInclude Include="..\..\..\common\bullet\btVehicleRaycaster.h">
      <Filter>头文件</Filter>
    </ClInclude>
    <ClInclude Include="..\..\..\common\bullet\btVoronoiSimplexSolver.h">
      <Filter>头文件</Filter>
    </ClInclude>
    <ClInclude Include="..\..\..\common\bullet\btWheelInfo.h">
      <Filter>头文件</Filter>
    </ClInclude>
    <ClInclude Include="..\..\..\common\bullet\bullet.h">
      <Filter>头文件</Filter>
    </ClInclude>
    <ClInclude Include="..\..\..\common\bullet\gim_array.h">
      <Filter>头文件</Filter>
    </ClInclude>
    <ClInclude Include="..\..\..\common\bullet\gim_basic_geometry_operations.h">
      <Filter>头文件</Filter>
    </ClInclude>
    <ClInclude Include="..\..\..\common\bullet\gim_bitset.h">
      <Filter>头文件</Filter>
    </ClInclude>
    <ClInclude Include="..\..\..\common\bullet\gim_box_collision.h">
      <Filter>头文件</Filter>
    </ClInclude>
    <ClInclude Include="..\..\..\common\bullet\gim_box_set.h">
      <Filter>头文件</Filter>
    </ClInclude>
    <ClInclude Include="..\..\..\common\bullet\gim_clip_polygon.h">
      <Filter>头文件</Filter>
    </ClInclude>
    <ClInclude Include="..\..\..\common\bullet\gim_contact.h">
      <Filter>头文件</Filter>
    </ClInclude>
    <ClInclude Include="..\..\..\common\bullet\gim_geom_types.h">
      <Filter>头文件</Filter>
    </ClInclude>
    <ClInclude Include="..\..\..\common\bullet\gim_geometry.h">
      <Filter>头文件</Filter>
    </ClInclude>
    <ClInclude Include="..\..\..\common\bullet\gim_hash_table.h">
      <Filter>头文件</Filter>
    </ClInclude>
    <ClInclude Include="..\..\..\common\bullet\gim_linear_math.h">
      <Filter>头文件</Filter>
    </ClInclude>
    <ClInclude Include="..\..\..\common\bullet\gim_math.h">
      <Filter>头文件</Filter>
    </ClInclude>
    <ClInclude Include="..\..\..\common\bullet\gim_memory.h">
      <Filter>头文件</Filter>
    </ClInclude>
    <ClInclude Include="..\..\..\common\bullet\gim_radixsort.h">
      <Filter>头文件</Filter>
    </ClInclude>
    <ClInclude Include="..\..\..\common\bullet\gim_tri_collision.h">
      <Filter>头文件</Filter>
    </ClInclude>
    <ClInclude Include="..\..\..\common\bullet\SphereTriangleDetector.h">
      <Filter>头文件</Filter>
    </ClInclude>
    <ClInclude Include="..\..\..\common\detour\DetourAlloc.h">
      <Filter>头文件</Filter>
    </ClInclude>
    <ClInclude Include="..\..\..\common\detour\DetourCommon.h">
      <Filter>头文件</Filter>
    </ClInclude>
    <ClInclude Include="..\..\..\common\detour\DetourDebugDraw.h">
      <Filter>头文件</Filter>
    </ClInclude>
    <ClInclude Include="..\..\..\common\detour\DetourNavMesh.h">
      <Filter>头文件</Filter>
    </ClInclude>
    <ClInclude Include="..\..\..\common\detour\DetourNavMeshBuilder.h">
      <Filter>头文件</Filter>
    </ClInclude>
    <ClInclude Include="..\..\..\common\detour\DetourNode.h">
      <Filter>头文件</Filter>
    </ClInclude>
    <ClInclude Include="..\..\..\common\nvtristrip\NvTriStrip.h">
      <Filter>头文件</Filter>
    </ClInclude>
    <ClInclude Include="..\..\..\common\nvtristrip\NvTriStripObjects.h">
      <Filter>头文件</Filter>
    </ClInclude>
    <ClInclude Include="..\..\..\common\nvtristrip\VertexCache.h">
      <Filter>头文件</Filter>
    </ClInclude>
  </ItemGroup>
  <ItemGroup>
    <None Include="..\..\..\common\zlib\.DS_Store">
      <Filter>源文件</Filter>
    </None>
    <None Include="..\..\..\common\recast\.DS_Store">
      <Filter>源文件</Filter>
    </None>
    <None Include="..\..\..\common\bullet\.DS_Store" />
    <None Include="..\..\..\common\nvtristrip\.DS_Store" />
    <None Include="..\..\Resources\color.frag">
      <Filter>资源文件</Filter>
    </None>
    <None Include="..\..\Resources\color.vert">
      <Filter>资源文件</Filter>
    </None>
  </ItemGroup>
</Project>